PODS:
  - Alamofire (4.2.0)
  - AlamofireImage (3.2.0):
    - Alamofire (~> 4.1)
  - AsyncDisplayKit (2.0.1):
    - AsyncDisplayKit/PINRemoteImage (= 2.0.1)
  - AsyncDisplayKit/Core (2.0.1)
  - AsyncDisplayKit/PINRemoteImage (2.0.1):
    - AsyncDisplayKit/Core
    - PINRemoteImage/iOS (= 3.0.0-beta.7)
    - PINRemoteImage/PINCache
  - Bolts (1.8.4):
    - Bolts/AppLinks (= 1.8.4)
    - Bolts/Tasks (= 1.8.4)
  - Bolts/AppLinks (1.8.4):
    - Bolts/Tasks
  - Bolts/Tasks (1.8.4)
  - FacebookCore (0.2.0):
    - Bolts (~> 1.8)
    - FBSDKCoreKit (~> 4.15)
  - FacebookLogin (0.2.0):
    - Bolts (~> 1.8)
    - FacebookCore (~> 0.2)
    - FBSDKCoreKit (~> 4.15)
    - FBSDKLoginKit (~> 4.15)
  - FBSDKCoreKit (4.18.0):
    - Bolts (~> 1.7)
  - FBSDKLoginKit (4.18.0):
    - FBSDKCoreKit
  - PINCache (3.0.1-beta.2):
    - PINCache/Arc-exception-safe (= 3.0.1-beta.2)
    - PINCache/Core (= 3.0.1-beta.2)
  - PINCache/Arc-exception-safe (3.0.1-beta.2):
    - PINCache/Core
  - PINCache/Core (3.0.1-beta.2)
  - PINRemoteImage/Core (3.0.0-beta.7)
  - PINRemoteImage/iOS (3.0.0-beta.7):
    - PINRemoteImage/Core
  - PINRemoteImage/PINCache (3.0.0-beta.7):
    - PINCache (= 3.0.1-beta.2)
    - PINRemoteImage/Core

DEPENDENCIES:
  - Alamofire
  - AlamofireImage
  - AsyncDisplayKit
  - FacebookLogin

SPEC CHECKSUMS:
  Alamofire: aa2e09d871c9160ac53c90e83c68064a94e3dfbe
  AlamofireImage: 157ed682cc81d3b9db4fb90c1f12180ac552d93b
  AsyncDisplayKit: 6c5a21d9ab30f3f48e877a67d44e3e19c1724f91
  Bolts: 8a7995239dbe724f9cba2248b766d48b7ebdd322
  FacebookCore: 2cb3f0fbff218e9d3119cec84bae983b232412de
  FacebookLogin: c9d606504735780a9e3002465a615512e0a691a5
  FBSDKCoreKit: 15fef8804a4629f98c6f4e55e81a76c9d725d85e
  FBSDKLoginKit: 6773073e970b2b15fb12e451ce7f11da0532b880
  PINCache: 6d273a6e0754bd26e3f12a38a90dde73cc6a42b2
  PINRemoteImage: ff63baf185088530db6cfa41cb665e2b5126b5c3

PODFILE CHECKSUM: 73e049cfbb1b2abe6e42d9cb6cd671974a413699

COCOAPODS: 1.1.1
